{
  "originHash" : "78f865d52d61a070e717899b0c23a36b7903960865f39872a6db4d6ee5d84202",
  "pins" : [
    {
      "identity" : "courier-ios",
      "kind" : "remoteSourceControl",
      "location" : "https://github.com/trycourier/courier-ios",
      "state" : {
        "branch" : "bug/concurrency-feb7",
        "revision" : "ca4e8f0df6f660253d255ac5c71e5a1247897d9c"
      }
    }
  ],
  "version" : 3
}
